// !$*UTF8*$!
{
	archiveVersion = 1;
	classes = {
	};
	objectVersion = 46;
	objects = {

/* Begin PBXBuildFile section */
		92252B5810EC479B8C7A55C2 /* libPods.a in Frameworks */ = {isa = PBXBuildFile; fileRef = 0D1FF1D4A5CB4B60978119A4 /* libPods.a */; };
		BD1836CD1912D91C00D8C129 /* NSString+MD5Addition.m in Sources */ = {isa = PBXBuildFile; fileRef = BD1836CA1912D91C00D8C129 /* NSString+MD5Addition.m */; };
		BD1836CE1912D91C00D8C129 /* UIDevice+IdentifierAddition.m in Sources */ = {isa = PBXBuildFile; fileRef = BD1836CC1912D91C00D8C129 /* UIDevice+IdentifierAddition.m */; };
		BD3D2A55191AB9A10078C879 /* ZLANativeAuthorizationRequester.m in Sources */ = {isa = PBXBuildFile; fileRef = BD3D2A36191AB9A10078C879 /* ZLANativeAuthorizationRequester.m */; };
		BD3D2A56191AB9A10078C879 /* ZLANativeAuthorizer.m in Sources */ = {isa = PBXBuildFile; fileRef = BD3D2A38191AB9A10078C879 /* ZLANativeAuthorizer.m */; };
		BD3D2A57191AB9A10078C879 /* ZLAFacebookAuthorizer.m in Sources */ = {isa = PBXBuildFile; fileRef = BD3D2A3C191AB9A10078C879 /* ZLAFacebookAuthorizer.m */; };
		BD3D2A58191AB9A10078C879 /* ZLAGooglePlusAuthorizationRequester.m in Sources */ = {isa = PBXBuildFile; fileRef = BD3D2A3F191AB9A10078C879 /* ZLAGooglePlusAuthorizationRequester.m */; };
		BD3D2A59191AB9A10078C879 /* ZLAGooglePlusAuthorizer.m in Sources */ = {isa = PBXBuildFile; fileRef = BD3D2A41191AB9A10078C879 /* ZLAGooglePlusAuthorizer.m */; };
		BD3D2A5A191AB9A10078C879 /* ZLASocialAuthorizationRequester.m in Sources */ = {isa = PBXBuildFile; fileRef = BD3D2A44191AB9A10078C879 /* ZLASocialAuthorizationRequester.m */; };
		BD3D2A5B191AB9A10078C879 /* NSData+Base64.m in Sources */ = {isa = PBXBuildFile; fileRef = BD3D2A48191AB9A10078C879 /* NSData+Base64.m */; settings = {COMPILER_FLAGS = "-fno-objc-arc"; }; };
		BD3D2A5C191AB9A10078C879 /* OAuth+Additions.m in Sources */ = {isa = PBXBuildFile; fileRef = BD3D2A4A191AB9A10078C879 /* OAuth+Additions.m */; settings = {COMPILER_FLAGS = "-fno-objc-arc"; }; };
		BD3D2A5D191AB9A10078C879 /* OAuthCore.m in Sources */ = {isa = PBXBuildFile; fileRef = BD3D2A4C191AB9A10078C879 /* OAuthCore.m */; settings = {COMPILER_FLAGS = "-fno-objc-arc"; }; };
		BD3D2A5E191AB9A10078C879 /* ZLASignedTwitterRequest.m in Sources */ = {isa = PBXBuildFile; fileRef = BD3D2A4E191AB9A10078C879 /* ZLASignedTwitterRequest.m */; };
		BD3D2A5F191AB9A10078C879 /* ZLATwitterAccountsAccessor.m in Sources */ = {isa = PBXBuildFile; fileRef = BD3D2A50191AB9A10078C879 /* ZLATwitterAccountsAccessor.m */; };
		BD3D2A60191AB9A10078C879 /* ZLATwitterAPIRequestsPerformer.m in Sources */ = {isa = PBXBuildFile; fileRef = BD3D2A52191AB9A10078C879 /* ZLATwitterAPIRequestsPerformer.m */; };
		BD3D2A61191AB9A10078C879 /* ZLATwitterAuthorizer.m in Sources */ = {isa = PBXBuildFile; fileRef = BD3D2A54191AB9A10078C879 /* ZLATwitterAuthorizer.m */; };
		BD46901F19006D53003EEC0E /* Foundation.framework in Frameworks */ = {isa = PBXBuildFile; fileRef = BD46901E19006D53003EEC0E /* Foundation.framework */; };
		BD46902119006D53003EEC0E /* CoreGraphics.framework in Frameworks */ = {isa = PBXBuildFile; fileRef = BD46902019006D53003EEC0E /* CoreGraphics.framework */; };
		BD46902319006D53003EEC0E /* UIKit.framework in Frameworks */ = {isa = PBXBuildFile; fileRef = BD46902219006D53003EEC0E /* UIKit.framework */; };
		BD46902919006D53003EEC0E /* InfoPlist.strings in Resources */ = {isa = PBXBuildFile; fileRef = BD46902719006D53003EEC0E /* InfoPlist.strings */; };
		BD46902B19006D53003EEC0E /* main.m in Sources */ = {isa = PBXBuildFile; fileRef = BD46902A19006D53003EEC0E /* main.m */; };
		BD46902F19006D53003EEC0E /* AppDelegate.m in Sources */ = {isa = PBXBuildFile; fileRef = BD46902E19006D53003EEC0E /* AppDelegate.m */; };
		BD46903219006D53003EEC0E /* Main.storyboard in Resources */ = {isa = PBXBuildFile; fileRef = BD46903019006D53003EEC0E /* Main.storyboard */; };
		BD46903519006D53003EEC0E /* ViewController.m in Sources */ = {isa = PBXBuildFile; fileRef = BD46903419006D53003EEC0E /* ViewController.m */; };
		BD46903719006D53003EEC0E /* Images.xcassets in Resources */ = {isa = PBXBuildFile; fileRef = BD46903619006D53003EEC0E /* Images.xcassets */; };
		BDA78E1D190071E1001484C5 /* ZLAAuthorizationResponseHandler.m in Sources */ = {isa = PBXBuildFile; fileRef = BDA78E15190071E1001484C5 /* ZLAAuthorizationResponseHandler.m */; };
		BDA78E1F190071E1001484C5 /* ZLAAuthorizer.m in Sources */ = {isa = PBXBuildFile; fileRef = BDA78E19190071E1001484C5 /* ZLAAuthorizer.m */; };
		BDA78E20190071E1001484C5 /* ZLACredentialsStorage.m in Sources */ = {isa = PBXBuildFile; fileRef = BDA78E1C190071E1001484C5 /* ZLACredentialsStorage.m */; };
		BDD802681901C53200C9B406 /* ZLAUserInfoContainer.m in Sources */ = {isa = PBXBuildFile; fileRef = BDD802671901C53200C9B406 /* ZLAUserInfoContainer.m */; };
		BDE60B31191ADF1200534088 /* FacebookSDK.framework in Frameworks */ = {isa = PBXBuildFile; fileRef = BDE60B2E191ADF0300534088 /* FacebookSDK.framework */; };
		BDE60B32191ADF1200534088 /* GoogleOpenSource.framework in Frameworks */ = {isa = PBXBuildFile; fileRef = BDE60B2F191ADF0300534088 /* GoogleOpenSource.framework */; };
		BDE60B33191ADF1200534088 /* GooglePlus.framework in Frameworks */ = {isa = PBXBuildFile; fileRef = BDE60B30191ADF0300534088 /* GooglePlus.framework */; };
		C7DFE001374973369A5CA354 /* ZLAAccountInfoUpdater.m in Sources */ = {isa = PBXBuildFile; fileRef = C7DFE138E4A680F41132FD45 /* ZLAAccountInfoUpdater.m */; };
		C7DFE28B9BE94F34F54475E2 /* UIAlertView+ZLAuthorizer.m in Sources */ = {isa = PBXBuildFile; fileRef = C7DFE5593D556C35A9C86DEA /* UIAlertView+ZLAuthorizer.m */; };
		C7DFE315DAEC2C31D4B1A3E8 /* ZLAUserInfoPersistentStore.m in Sources */ = {isa = PBXBuildFile; fileRef = C7DFE743E27F66C3839FBE04 /* ZLAUserInfoPersistentStore.m */; };
		C7DFE5E7584688E6CFE5DF74 /* ZLAAutoAuthorizationPerformer.m in Sources */ = {isa = PBXBuildFile; fileRef = C7DFEC8B92FBBAF56201C5A9 /* ZLAAutoAuthorizationPerformer.m */; };
		C7DFE6B3FB0EDE235CD75BCC /* ZLAUserInfoValidator.m in Sources */ = {isa = PBXBuildFile; fileRef = C7DFEE47B032C02DE8AC6021 /* ZLAUserInfoValidator.m */; };
		C7DFEA52FDCFA017F3749B31 /* ZLAAppDelegate.m in Sources */ = {isa = PBXBuildFile; fileRef = C7DFE4009CFC8E3E176DCD3E /* ZLAAppDelegate.m */; };
		E69D0D87190C52B400AB00C6 /* AddressBook.framework in Frameworks */ = {isa = PBXBuildFile; fileRef = E69D0D86190C52B400AB00C6 /* AddressBook.framework */; };
		E69D0D89190C52BC00AB00C6 /* AssetsLibrary.framework in Frameworks */ = {isa = PBXBuildFile; fileRef = E69D0D88190C52BC00AB00C6 /* AssetsLibrary.framework */; };
		E69D0D8B190C52E800AB00C6 /* CoreLocation.framework in Frameworks */ = {isa = PBXBuildFile; fileRef = E69D0D8A190C52E800AB00C6 /* CoreLocation.framework */; };
		E69D0D8D190C52F100AB00C6 /* CoreMotion.framework in Frameworks */ = {isa = PBXBuildFile; fileRef = E69D0D8C190C52F100AB00C6 /* CoreMotion.framework */; };
		E69D0D8F190C530D00AB00C6 /* CoreText.framework in Frameworks */ = {isa = PBXBuildFile; fileRef = E69D0D8E190C530D00AB00C6 /* CoreText.framework */; };
		E69D0D91190C531A00AB00C6 /* MediaPlayer.framework in Frameworks */ = {isa = PBXBuildFile; fileRef = E69D0D90190C531A00AB00C6 /* MediaPlayer.framework */; };
		E69D0D93190C532600AB00C6 /* Security.framework in Frameworks */ = {isa = PBXBuildFile; fileRef = E69D0D92190C532600AB00C6 /* Security.framework */; };
		E69D0D95190C533800AB00C6 /* SystemConfiguration.framework in Frameworks */ = {isa = PBXBuildFile; fileRef = E69D0D94190C533800AB00C6 /* SystemConfiguration.framework */; };
/* End PBXBuildFile section */

/* Begin PBXFileReference section */
		0D1FF1D4A5CB4B60978119A4 /* libPods.a */ = {isa = PBXFileReference; explicitFileType = archive.ar; includeInIndex = 0; path = libPods.a; sourceTree = BUILT_PRODUCTS_DIR; };
		BD1836C91912D91C00D8C129 /* NSString+MD5Addition.h */ = {isa = PBXFileReference; fileEncoding = 4; lastKnownFileType = sourcecode.c.h; path = "NSString+MD5Addition.h"; sourceTree = "<group>"; };
		BD1836CA1912D91C00D8C129 /* NSString+MD5Addition.m */ = {isa = PBXFileReference; fileEncoding = 4; lastKnownFileType = sourcecode.c.objc; path = "NSString+MD5Addition.m"; sourceTree = "<group>"; };
		BD1836CB1912D91C00D8C129 /* UIDevice+IdentifierAddition.h */ = {isa = PBXFileReference; fileEncoding = 4; lastKnownFileType = sourcecode.c.h; path = "UIDevice+IdentifierAddition.h"; sourceTree = "<group>"; };
		BD1836CC1912D91C00D8C129 /* UIDevice+IdentifierAddition.m */ = {isa = PBXFileReference; fileEncoding = 4; lastKnownFileType = sourcecode.c.objc; path = "UIDevice+IdentifierAddition.m"; sourceTree = "<group>"; };
		BD3D2A35191AB9A10078C879 /* ZLANativeAuthorizationRequester.h */ = {isa = PBXFileReference; fileEncoding = 4; lastKnownFileType = sourcecode.c.h; path = ZLANativeAuthorizationRequester.h; sourceTree = "<group>"; };
		BD3D2A36191AB9A10078C879 /* ZLANativeAuthorizationRequester.m */ = {isa = PBXFileReference; fileEncoding = 4; lastKnownFileType = sourcecode.c.objc; path = ZLANativeAuthorizationRequester.m; sourceTree = "<group>"; };
		BD3D2A37191AB9A10078C879 /* ZLANativeAuthorizer.h */ = {isa = PBXFileReference; fileEncoding = 4; lastKnownFileType = sourcecode.c.h; path = ZLANativeAuthorizer.h; sourceTree = "<group>"; };
		BD3D2A38191AB9A10078C879 /* ZLANativeAuthorizer.m */ = {isa = PBXFileReference; fileEncoding = 4; lastKnownFileType = sourcecode.c.objc; path = ZLANativeAuthorizer.m; sourceTree = "<group>"; };
		BD3D2A3B191AB9A10078C879 /* ZLAFacebookAuthorizer.h */ = {isa = PBXFileReference; fileEncoding = 4; lastKnownFileType = sourcecode.c.h; path = ZLAFacebookAuthorizer.h; sourceTree = "<group>"; };
		BD3D2A3C191AB9A10078C879 /* ZLAFacebookAuthorizer.m */ = {isa = PBXFileReference; fileEncoding = 4; lastKnownFileType = sourcecode.c.objc; path = ZLAFacebookAuthorizer.m; sourceTree = "<group>"; };
		BD3D2A3E191AB9A10078C879 /* ZLAGooglePlusAuthorizationRequester.h */ = {isa = PBXFileReference; fileEncoding = 4; lastKnownFileType = sourcecode.c.h; path = ZLAGooglePlusAuthorizationRequester.h; sourceTree = "<group>"; };
		BD3D2A3F191AB9A10078C879 /* ZLAGooglePlusAuthorizationRequester.m */ = {isa = PBXFileReference; fileEncoding = 4; lastKnownFileType = sourcecode.c.objc; path = ZLAGooglePlusAuthorizationRequester.m; sourceTree = "<group>"; };
		BD3D2A40191AB9A10078C879 /* ZLAGooglePlusAuthorizer.h */ = {isa = PBXFileReference; fileEncoding = 4; lastKnownFileType = sourcecode.c.h; path = ZLAGooglePlusAuthorizer.h; sourceTree = "<group>"; };
		BD3D2A41191AB9A10078C879 /* ZLAGooglePlusAuthorizer.m */ = {isa = PBXFileReference; fileEncoding = 4; lastKnownFileType = sourcecode.c.objc; path = ZLAGooglePlusAuthorizer.m; sourceTree = "<group>"; };
		BD3D2A43191AB9A10078C879 /* ZLASocialAuthorizationRequester.h */ = {isa = PBXFileReference; fileEncoding = 4; lastKnownFileType = sourcecode.c.h; path = ZLASocialAuthorizationRequester.h; sourceTree = "<group>"; };
		BD3D2A44191AB9A10078C879 /* ZLASocialAuthorizationRequester.m */ = {isa = PBXFileReference; fileEncoding = 4; lastKnownFileType = sourcecode.c.objc; path = ZLASocialAuthorizationRequester.m; sourceTree = "<group>"; };
		BD3D2A47191AB9A10078C879 /* NSData+Base64.h */ = {isa = PBXFileReference; fileEncoding = 4; lastKnownFileType = sourcecode.c.h; path = "NSData+Base64.h"; sourceTree = "<group>"; };
		BD3D2A48191AB9A10078C879 /* NSData+Base64.m */ = {isa = PBXFileReference; fileEncoding = 4; lastKnownFileType = sourcecode.c.objc; path = "NSData+Base64.m"; sourceTree = "<group>"; };
		BD3D2A49191AB9A10078C879 /* OAuth+Additions.h */ = {isa = PBXFileReference; fileEncoding = 4; lastKnownFileType = sourcecode.c.h; path = "OAuth+Additions.h"; sourceTree = "<group>"; };
		BD3D2A4A191AB9A10078C879 /* OAuth+Additions.m */ = {isa = PBXFileReference; fileEncoding = 4; lastKnownFileType = sourcecode.c.objc; path = "OAuth+Additions.m"; sourceTree = "<group>"; };
		BD3D2A4B191AB9A10078C879 /* OAuthCore.h */ = {isa = PBXFileReference; fileEncoding = 4; lastKnownFileType = sourcecode.c.h; path = OAuthCore.h; sourceTree = "<group>"; };
		BD3D2A4C191AB9A10078C879 /* OAuthCore.m */ = {isa = PBXFileReference; fileEncoding = 4; lastKnownFileType = sourcecode.c.objc; path = OAuthCore.m; sourceTree = "<group>"; };
		BD3D2A4D191AB9A10078C879 /* ZLASignedTwitterRequest.h */ = {isa = PBXFileReference; fileEncoding = 4; lastKnownFileType = sourcecode.c.h; path = ZLASignedTwitterRequest.h; sourceTree = "<group>"; };
		BD3D2A4E191AB9A10078C879 /* ZLASignedTwitterRequest.m */ = {isa = PBXFileReference; fileEncoding = 4; lastKnownFileType = sourcecode.c.objc; path = ZLASignedTwitterRequest.m; sourceTree = "<group>"; };
		BD3D2A4F191AB9A10078C879 /* ZLATwitterAccountsAccessor.h */ = {isa = PBXFileReference; fileEncoding = 4; lastKnownFileType = sourcecode.c.h; path = ZLATwitterAccountsAccessor.h; sourceTree = "<group>"; };
		BD3D2A50191AB9A10078C879 /* ZLATwitterAccountsAccessor.m */ = {isa = PBXFileReference; fileEncoding = 4; lastKnownFileType = sourcecode.c.objc; path = ZLATwitterAccountsAccessor.m; sourceTree = "<group>"; };
		BD3D2A51191AB9A10078C879 /* ZLATwitterAPIRequestsPerformer.h */ = {isa = PBXFileReference; fileEncoding = 4; lastKnownFileType = sourcecode.c.h; path = ZLATwitterAPIRequestsPerformer.h; sourceTree = "<group>"; };
		BD3D2A52191AB9A10078C879 /* ZLATwitterAPIRequestsPerformer.m */ = {isa = PBXFileReference; fileEncoding = 4; lastKnownFileType = sourcecode.c.objc; path = ZLATwitterAPIRequestsPerformer.m; sourceTree = "<group>"; };
		BD3D2A53191AB9A10078C879 /* ZLATwitterAuthorizer.h */ = {isa = PBXFileReference; fileEncoding = 4; lastKnownFileType = sourcecode.c.h; path = ZLATwitterAuthorizer.h; sourceTree = "<group>"; };
		BD3D2A54191AB9A10078C879 /* ZLATwitterAuthorizer.m */ = {isa = PBXFileReference; fileEncoding = 4; lastKnownFileType = sourcecode.c.objc; path = ZLATwitterAuthorizer.m; sourceTree = "<group>"; };
		BD46901B19006D53003EEC0E /* AuthorizerExample.app */ = {isa = PBXFileReference; explicitFileType = wrapper.application; includeInIndex = 0; path = AuthorizerExample.app; sourceTree = BUILT_PRODUCTS_DIR; };
		BD46901E19006D53003EEC0E /* Foundation.framework */ = {isa = PBXFileReference; lastKnownFileType = wrapper.framework; name = Foundation.framework; path = System/Library/Frameworks/Foundation.framework; sourceTree = SDKROOT; };
		BD46902019006D53003EEC0E /* CoreGraphics.framework */ = {isa = PBXFileReference; lastKnownFileType = wrapper.framework; name = CoreGraphics.framework; path = System/Library/Frameworks/CoreGraphics.framework; sourceTree = SDKROOT; };
		BD46902219006D53003EEC0E /* UIKit.framework */ = {isa = PBXFileReference; lastKnownFileType = wrapper.framework; name = UIKit.framework; path = System/Library/Frameworks/UIKit.framework; sourceTree = SDKROOT; };
		BD46902619006D53003EEC0E /* AuthorizerExample-Info.plist */ = {isa = PBXFileReference; lastKnownFileType = text.plist.xml; path = "AuthorizerExample-Info.plist"; sourceTree = "<group>"; };
		BD46902819006D53003EEC0E /* en */ = {isa = PBXFileReference; lastKnownFileType = text.plist.strings; name = en; path = en.lproj/InfoPlist.strings; sourceTree = "<group>"; };
		BD46902A19006D53003EEC0E /* main.m */ = {isa = PBXFileReference; lastKnownFileType = sourcecode.c.objc; path = main.m; sourceTree = "<group>"; };
		BD46902C19006D53003EEC0E /* AuthorizerExample-Prefix.pch */ = {isa = PBXFileReference; lastKnownFileType = sourcecode.c.h; path = "AuthorizerExample-Prefix.pch"; sourceTree = "<group>"; };
		BD46902D19006D53003EEC0E /* AppDelegate.h */ = {isa = PBXFileReference; lastKnownFileType = sourcecode.c.h; path = AppDelegate.h; sourceTree = "<group>"; };
		BD46902E19006D53003EEC0E /* AppDelegate.m */ = {isa = PBXFileReference; lastKnownFileType = sourcecode.c.objc; path = AppDelegate.m; sourceTree = "<group>"; };
		BD46903119006D53003EEC0E /* Base */ = {isa = PBXFileReference; lastKnownFileType = file.storyboard; name = Base; path = Base.lproj/Main.storyboard; sourceTree = "<group>"; };
		BD46903319006D53003EEC0E /* ViewController.h */ = {isa = PBXFileReference; lastKnownFileType = sourcecode.c.h; path = ViewController.h; sourceTree = "<group>"; };
		BD46903419006D53003EEC0E /* ViewController.m */ = {isa = PBXFileReference; lastKnownFileType = sourcecode.c.objc; path = ViewController.m; sourceTree = "<group>"; };
		BD46903619006D53003EEC0E /* Images.xcassets */ = {isa = PBXFileReference; lastKnownFileType = folder.assetcatalog; path = Images.xcassets; sourceTree = "<group>"; };
		BD7E731619055DE3009E0F33 /* ZLAConstants.h */ = {isa = PBXFileReference; lastKnownFileType = sourcecode.c.h; path = ZLAConstants.h; sourceTree = "<group>"; };
		BDA78E14190071E1001484C5 /* ZLAAuthorizationResponseHandler.h */ = {isa = PBXFileReference; fileEncoding = 4; lastKnownFileType = sourcecode.c.h; path = ZLAAuthorizationResponseHandler.h; sourceTree = "<group>"; };
		BDA78E15190071E1001484C5 /* ZLAAuthorizationResponseHandler.m */ = {isa = PBXFileReference; fileEncoding = 4; lastKnownFileType = sourcecode.c.objc; path = ZLAAuthorizationResponseHandler.m; sourceTree = "<group>"; };
		BDA78E18190071E1001484C5 /* ZLAAuthorizer.h */ = {isa = PBXFileReference; fileEncoding = 4; lastKnownFileType = sourcecode.c.h; path = ZLAAuthorizer.h; sourceTree = "<group>"; };
		BDA78E19190071E1001484C5 /* ZLAAuthorizer.m */ = {isa = PBXFileReference; fileEncoding = 4; lastKnownFileType = sourcecode.c.objc; path = ZLAAuthorizer.m; sourceTree = "<group>"; };
		BDA78E1B190071E1001484C5 /* ZLACredentialsStorage.h */ = {isa = PBXFileReference; fileEncoding = 4; lastKnownFileType = sourcecode.c.h; path = ZLACredentialsStorage.h; sourceTree = "<group>"; };
		BDA78E1C190071E1001484C5 /* ZLACredentialsStorage.m */ = {isa = PBXFileReference; fileEncoding = 4; lastKnownFileType = sourcecode.c.objc; path = ZLACredentialsStorage.m; sourceTree = "<group>"; };
		BDCC829E190E4D15001BDAD8 /* ZLASharedTypes.h */ = {isa = PBXFileReference; lastKnownFileType = sourcecode.c.h; path = ZLASharedTypes.h; sourceTree = "<group>"; };
		BDD802661901C53200C9B406 /* ZLAUserInfoContainer.h */ = {isa = PBXFileReference; fileEncoding = 4; lastKnownFileType = sourcecode.c.h; path = ZLAUserInfoContainer.h; sourceTree = "<group>"; };
		BDD802671901C53200C9B406 /* ZLAUserInfoContainer.m */ = {isa = PBXFileReference; fileEncoding = 4; lastKnownFileType = sourcecode.c.objc; path = ZLAUserInfoContainer.m; sourceTree = "<group>"; };
		BDE60ABC191ADC3500534088 /* BFExecutor.h */ = {isa = PBXFileReference; fileEncoding = 4; lastKnownFileType = sourcecode.c.h; path = BFExecutor.h; sourceTree = "<group>"; };
		BDE60ABD191ADC3500534088 /* BFTask.h */ = {isa = PBXFileReference; fileEncoding = 4; lastKnownFileType = sourcecode.c.h; path = BFTask.h; sourceTree = "<group>"; };
		BDE60ABE191ADC3500534088 /* BFTaskCompletionSource.h */ = {isa = PBXFileReference; fileEncoding = 4; lastKnownFileType = sourcecode.c.h; path = BFTaskCompletionSource.h; sourceTree = "<group>"; };
		BDE60ABF191ADC3500534088 /* Bolts.h */ = {isa = PBXFileReference; fileEncoding = 4; lastKnownFileType = sourcecode.c.h; path = Bolts.h; sourceTree = "<group>"; };
		BDE60AC0191ADC3500534088 /* BoltsVersion.h */ = {isa = PBXFileReference; fileEncoding = 4; lastKnownFileType = sourcecode.c.h; path = BoltsVersion.h; sourceTree = "<group>"; };
		BDE60AC2191ADC3500534088 /* FacebookSDK.h */ = {isa = PBXFileReference; fileEncoding = 4; lastKnownFileType = sourcecode.c.h; path = FacebookSDK.h; sourceTree = "<group>"; };
		BDE60AC3191ADC3500534088 /* FBAccessTokenData.h */ = {isa = PBXFileReference; fileEncoding = 4; lastKnownFileType = sourcecode.c.h; path = FBAccessTokenData.h; sourceTree = "<group>"; };
		BDE60AC4191ADC3500534088 /* FBAppCall.h */ = {isa = PBXFileReference; fileEncoding = 4; lastKnownFileType = sourcecode.c.h; path = FBAppCall.h; sourceTree = "<group>"; };
		BDE60AC5191ADC3500534088 /* FBAppEvents.h */ = {isa = PBXFileReference; fileEncoding = 4; lastKnownFileType = sourcecode.c.h; path = FBAppEvents.h; sourceTree = "<group>"; };
		BDE60AC6191ADC3500534088 /* FBAppLinkData.h */ = {isa = PBXFileReference; fileEncoding = 4; lastKnownFileType = sourcecode.c.h; path = FBAppLinkData.h; sourceTree = "<group>"; };
		BDE60AC7191ADC3500534088 /* FBAppLinkResolver.h */ = {isa = PBXFileReference; fileEncoding = 4; lastKnownFileType = sourcecode.c.h; path = FBAppLinkResolver.h; sourceTree = "<group>"; };
		BDE60AC8191ADC3500534088 /* FBCacheDescriptor.h */ = {isa = PBXFileReference; fileEncoding = 4; lastKnownFileType = sourcecode.c.h; path = FBCacheDescriptor.h; sourceTree = "<group>"; };
		BDE60AC9191ADC3500534088 /* FBColor.h */ = {isa = PBXFileReference; fileEncoding = 4; lastKnownFileType = sourcecode.c.h; path = FBColor.h; sourceTree = "<group>"; };
		BDE60ACA191ADC3500534088 /* FBDialogs.h */ = {isa = PBXFileReference; fileEncoding = 4; lastKnownFileType = sourcecode.c.h; path = FBDialogs.h; sourceTree = "<group>"; };
		BDE60ACB191ADC3500534088 /* FBDialogsData.h */ = {isa = PBXFileReference; fileEncoding = 4; lastKnownFileType = sourcecode.c.h; path = FBDialogsData.h; sourceTree = "<group>"; };
		BDE60ACC191ADC3500534088 /* FBDialogsParams.h */ = {isa = PBXFileReference; fileEncoding = 4; lastKnownFileType = sourcecode.c.h; path = FBDialogsParams.h; sourceTree = "<group>"; };
		BDE60ACD191ADC3500534088 /* FBError.h */ = {isa = PBXFileReference; fileEncoding = 4; lastKnownFileType = sourcecode.c.h; path = FBError.h; sourceTree = "<group>"; };
		BDE60ACE191ADC3500534088 /* FBErrorUtility.h */ = {isa = PBXFileReference; fileEncoding = 4; lastKnownFileType = sourcecode.c.h; path = FBErrorUtility.h; sourceTree = "<group>"; };
		BDE60ACF191ADC3500534088 /* FBFrictionlessRecipientCache.h */ = {isa = PBXFileReference; fileEncoding = 4; lastKnownFileType = sourcecode.c.h; path = FBFrictionlessRecipientCache.h; sourceTree = "<group>"; };
		BDE60AD0191ADC3500534088 /* FBFriendPickerViewController.h */ = {isa = PBXFileReference; fileEncoding = 4; lastKnownFileType = sourcecode.c.h; path = FBFriendPickerViewController.h; sourceTree = "<group>"; };
		BDE60AD1191ADC3500534088 /* FBGraphLocation.h */ = {isa = PBXFileReference; fileEncoding = 4; lastKnownFileType = sourcecode.c.h; path = FBGraphLocation.h; sourceTree = "<group>"; };
		BDE60AD2191ADC3500534088 /* FBGraphObject.h */ = {isa = PBXFileReference; fileEncoding = 4; lastKnownFileType = sourcecode.c.h; path = FBGraphObject.h; sourceTree = "<group>"; };
		BDE60AD3191ADC3500534088 /* FBGraphPlace.h */ = {isa = PBXFileReference; fileEncoding = 4; lastKnownFileType = sourcecode.c.h; path = FBGraphPlace.h; sourceTree = "<group>"; };
		BDE60AD4191ADC3500534088 /* FBGraphUser.h */ = {isa = PBXFileReference; fileEncoding = 4; lastKnownFileType = sourcecode.c.h; path = FBGraphUser.h; sourceTree = "<group>"; };
		BDE60AD5191ADC3500534088 /* FBInsights.h */ = {isa = PBXFileReference; fileEncoding = 4; lastKnownFileType = sourcecode.c.h; path = FBInsights.h; sourceTree = "<group>"; };
		BDE60AD6191ADC3500534088 /* FBLikeControl.h */ = {isa = PBXFileReference; fileEncoding = 4; lastKnownFileType = sourcecode.c.h; path = FBLikeControl.h; sourceTree = "<group>"; };
		BDE60AD7191ADC3500534088 /* FBLinkShareParams.h */ = {isa = PBXFileReference; fileEncoding = 4; lastKnownFileType = sourcecode.c.h; path = FBLinkShareParams.h; sourceTree = "<group>"; };
		BDE60AD8191ADC3500534088 /* FBLoginTooltipView.h */ = {isa = PBXFileReference; fileEncoding = 4; lastKnownFileType = sourcecode.c.h; path = FBLoginTooltipView.h; sourceTree = "<group>"; };
		BDE60AD9191ADC3500534088 /* FBLoginView.h */ = {isa = PBXFileReference; fileEncoding = 4; lastKnownFileType = sourcecode.c.h; path = FBLoginView.h; sourceTree = "<group>"; };
		BDE60ADA191ADC3500534088 /* FBNativeDialogs.h */ = {isa = PBXFileReference; fileEncoding = 4; lastKnownFileType = sourcecode.c.h; path = FBNativeDialogs.h; sourceTree = "<group>"; };
		BDE60ADB191ADC3500534088 /* FBOpenGraphAction.h */ = {isa = PBXFileReference; fileEncoding = 4; lastKnownFileType = sourcecode.c.h; path = FBOpenGraphAction.h; sourceTree = "<group>"; };
		BDE60ADC191ADC3500534088 /* FBOpenGraphActionParams.h */ = {isa = PBXFileReference; fileEncoding = 4; lastKnownFileType = sourcecode.c.h; path = FBOpenGraphActionParams.h; sourceTree = "<group>"; };
		BDE60ADD191ADC3500534088 /* FBOpenGraphActionShareDialogParams.h */ = {isa = PBXFileReference; fileEncoding = 4; lastKnownFileType = sourcecode.c.h; path = FBOpenGraphActionShareDialogParams.h; sourceTree = "<group>"; };
		BDE60ADE191ADC3500534088 /* FBOpenGraphObject.h */ = {isa = PBXFileReference; fileEncoding = 4; lastKnownFileType = sourcecode.c.h; path = FBOpenGraphObject.h; sourceTree = "<group>"; };
		BDE60ADF191ADC3500534088 /* FBPhotoParams.h */ = {isa = PBXFileReference; fileEncoding = 4; lastKnownFileType = sourcecode.c.h; path = FBPhotoParams.h; sourceTree = "<group>"; };
		BDE60AE0191ADC3500534088 /* FBPlacePickerViewController.h */ = {isa = PBXFileReference; fileEncoding = 4; lastKnownFileType = sourcecode.c.h; path = FBPlacePickerViewController.h; sourceTree = "<group>"; };
		BDE60AE1191ADC3500534088 /* FBProfilePictureView.h */ = {isa = PBXFileReference; fileEncoding = 4; lastKnownFileType = sourcecode.c.h; path = FBProfilePictureView.h; sourceTree = "<group>"; };
		BDE60AE2191ADC3500534088 /* FBRequest.h */ = {isa = PBXFileReference; fileEncoding = 4; lastKnownFileType = sourcecode.c.h; path = FBRequest.h; sourceTree = "<group>"; };
		BDE60AE3191ADC3500534088 /* FBRequestConnection.h */ = {isa = PBXFileReference; fileEncoding = 4; lastKnownFileType = sourcecode.c.h; path = FBRequestConnection.h; sourceTree = "<group>"; };
		BDE60AE4191ADC3500534088 /* FBSDKMacros.h */ = {isa = PBXFileReference; fileEncoding = 4; lastKnownFileType = sourcecode.c.h; path = FBSDKMacros.h; sourceTree = "<group>"; };
		BDE60AE5191ADC3500534088 /* FBSession.h */ = {isa = PBXFileReference; fileEncoding = 4; lastKnownFileType = sourcecode.c.h; path = FBSession.h; sourceTree = "<group>"; };
		BDE60AE6191ADC3500534088 /* FBSessionTokenCachingStrategy.h */ = {isa = PBXFileReference; fileEncoding = 4; lastKnownFileType = sourcecode.c.h; path = FBSessionTokenCachingStrategy.h; sourceTree = "<group>"; };
		BDE60AE7191ADC3500534088 /* FBSettings.h */ = {isa = PBXFileReference; fileEncoding = 4; lastKnownFileType = sourcecode.c.h; path = FBSettings.h; sourceTree = "<group>"; };
		BDE60AE8191ADC3500534088 /* FBShareDialogParams.h */ = {isa = PBXFileReference; fileEncoding = 4; lastKnownFileType = sourcecode.c.h; path = FBShareDialogParams.h; sourceTree = "<group>"; };
		BDE60AE9191ADC3500534088 /* FBShareDialogPhotoParams.h */ = {isa = PBXFileReference; fileEncoding = 4; lastKnownFileType = sourcecode.c.h; path = FBShareDialogPhotoParams.h; sourceTree = "<group>"; };
		BDE60AEA191ADC3500534088 /* FBTestSession.h */ = {isa = PBXFileReference; fileEncoding = 4; lastKnownFileType = sourcecode.c.h; path = FBTestSession.h; sourceTree = "<group>"; };
		BDE60AEB191ADC3500534088 /* FBTooltipView.h */ = {isa = PBXFileReference; fileEncoding = 4; lastKnownFileType = sourcecode.c.h; path = FBTooltipView.h; sourceTree = "<group>"; };
		BDE60AEC191ADC3500534088 /* FBUserSettingsViewController.h */ = {isa = PBXFileReference; fileEncoding = 4; lastKnownFileType = sourcecode.c.h; path = FBUserSettingsViewController.h; sourceTree = "<group>"; };
		BDE60AED191ADC3500534088 /* FBViewController.h */ = {isa = PBXFileReference; fileEncoding = 4; lastKnownFileType = sourcecode.c.h; path = FBViewController.h; sourceTree = "<group>"; };
		BDE60AEE191ADC3500534088 /* FBWebDialogs.h */ = {isa = PBXFileReference; fileEncoding = 4; lastKnownFileType = sourcecode.c.h; path = FBWebDialogs.h; sourceTree = "<group>"; };
		BDE60AEF191ADC3500534088 /* NSError+FBError.h */ = {isa = PBXFileReference; fileEncoding = 4; lastKnownFileType = sourcecode.c.h; path = "NSError+FBError.h"; sourceTree = "<group>"; };
		BDE60AF1191ADC3500534088 /* GoogleOpenSource.h */ = {isa = PBXFileReference; fileEncoding = 4; lastKnownFileType = sourcecode.c.h; path = GoogleOpenSource.h; sourceTree = "<group>"; };
		BDE60AF2191ADC3500534088 /* GooglePlus.h */ = {isa = PBXFileReference; fileEncoding = 4; lastKnownFileType = sourcecode.c.h; path = GooglePlus.h; sourceTree = "<group>"; };
		BDE60AF3191ADC3500534088 /* GPPDeepLink.h */ = {isa = PBXFileReference; fileEncoding = 4; lastKnownFileType = sourcecode.c.h; path = GPPDeepLink.h; sourceTree = "<group>"; };
		BDE60AF4191ADC3500534088 /* GPPShare.h */ = {isa = PBXFileReference; fileEncoding = 4; lastKnownFileType = sourcecode.c.h; path = GPPShare.h; sourceTree = "<group>"; };
		BDE60AF5191ADC3500534088 /* GPPSignIn.h */ = {isa = PBXFileReference; fileEncoding = 4; lastKnownFileType = sourcecode.c.h; path = GPPSignIn.h; sourceTree = "<group>"; };
		BDE60AF6191ADC3500534088 /* GPPSignInButton.h */ = {isa = PBXFileReference; fileEncoding = 4; lastKnownFileType = sourcecode.c.h; path = GPPSignInButton.h; sourceTree = "<group>"; };
		BDE60AF7191ADC3500534088 /* GPPURLHandler.h */ = {isa = PBXFileReference; fileEncoding = 4; lastKnownFileType = sourcecode.c.h; path = GPPURLHandler.h; sourceTree = "<group>"; };
		BDE60AF8191ADC3500534088 /* GTLBase64.h */ = {isa = PBXFileReference; fileEncoding = 4; lastKnownFileType = sourcecode.c.h; path = GTLBase64.h; sourceTree = "<group>"; };
		BDE60AF9191ADC3500534088 /* GTLBatchQuery.h */ = {isa = PBXFileReference; fileEncoding = 4; lastKnownFileType = sourcecode.c.h; path = GTLBatchQuery.h; sourceTree = "<group>"; };
		BDE60AFA191ADC3500534088 /* GTLBatchResult.h */ = {isa = PBXFileReference; fileEncoding = 4; lastKnownFileType = sourcecode.c.h; path = GTLBatchResult.h; sourceTree = "<group>"; };
		BDE60AFB191ADC3500534088 /* GTLDateTime.h */ = {isa = PBXFileReference; fileEncoding = 4; lastKnownFileType = sourcecode.c.h; path = GTLDateTime.h; sourceTree = "<group>"; };
		BDE60AFC191ADC3500534088 /* GTLDefines.h */ = {isa = PBXFileReference; fileEncoding = 4; lastKnownFileType = sourcecode.c.h; path = GTLDefines.h; sourceTree = "<group>"; };
		BDE60AFD191ADC3500534088 /* GTLErrorObject.h */ = {isa = PBXFileReference; fileEncoding = 4; lastKnownFileType = sourcecode.c.h; path = GTLErrorObject.h; sourceTree = "<group>"; };
		BDE60AFE191ADC3500534088 /* GTLFramework.h */ = {isa = PBXFileReference; fileEncoding = 4; lastKnownFileType = sourcecode.c.h; path = GTLFramework.h; sourceTree = "<group>"; };
		BDE60AFF191ADC3500534088 /* GTLJSONParser.h */ = {isa = PBXFileReference; fileEncoding = 4; lastKnownFileType = sourcecode.c.h; path = GTLJSONParser.h; sourceTree = "<group>"; };
		BDE60B00191ADC3500534088 /* GTLObject.h */ = {isa = PBXFileReference; fileEncoding = 4; lastKnownFileType = sourcecode.c.h; path = GTLObject.h; sourceTree = "<group>"; };
		BDE60B01191ADC3500534088 /* GTLPlus.h */ = {isa = PBXFileReference; fileEncoding = 4; lastKnownFileType = sourcecode.c.h; path = GTLPlus.h; sourceTree = "<group>"; };
		BDE60B02191ADC3500534088 /* GTLPlusAcl.h */ = {isa = PBXFileReference; fileEncoding = 4; lastKnownFileType = sourcecode.c.h; path = GTLPlusAcl.h; sourceTree = "<group>"; };
		BDE60B03191ADC3500534088 /* GTLPlusAclentryResource.h */ = {isa = PBXFileReference; fileEncoding = 4; lastKnownFileType = sourcecode.c.h; path = GTLPlusAclentryResource.h; sourceTree = "<group>"; };
		BDE60B04191ADC3500534088 /* GTLPlusActivity.h */ = {isa = PBXFileReference; fileEncoding = 4; lastKnownFileType = sourcecode.c.h; path = GTLPlusActivity.h; sourceTree = "<group>"; };
		BDE60B05191ADC3500534088 /* GTLPlusActivityFeed.h */ = {isa = PBXFileReference; fileEncoding = 4; lastKnownFileType = sourcecode.c.h; path = GTLPlusActivityFeed.h; sourceTree = "<group>"; };
		BDE60B06191ADC3500534088 /* GTLPlusComment.h */ = {isa = PBXFileReference; fileEncoding = 4; lastKnownFileType = sourcecode.c.h; path = GTLPlusComment.h; sourceTree = "<group>"; };
		BDE60B07191ADC3500534088 /* GTLPlusCommentFeed.h */ = {isa = PBXFileReference; fileEncoding = 4; lastKnownFileType = sourcecode.c.h; path = GTLPlusCommentFeed.h; sourceTree = "<group>"; };
		BDE60B08191ADC3500534088 /* GTLPlusConstants.h */ = {isa = PBXFileReference; fileEncoding = 4; lastKnownFileType = sourcecode.c.h; path = GTLPlusConstants.h; sourceTree = "<group>"; };
		BDE60B09191ADC3500534088 /* GTLPlusItemScope.h */ = {isa = PBXFileReference; fileEncoding = 4; lastKnownFileType = sourcecode.c.h; path = GTLPlusItemScope.h; sourceTree = "<group>"; };
		BDE60B0A191ADC3500534088 /* GTLPlusMoment.h */ = {isa = PBXFileReference; fileEncoding = 4; lastKnownFileType = sourcecode.c.h; path = GTLPlusMoment.h; sourceTree = "<group>"; };
		BDE60B0B191ADC3500534088 /* GTLPlusMomentsFeed.h */ = {isa = PBXFileReference; fileEncoding = 4; lastKnownFileType = sourcecode.c.h; path = GTLPlusMomentsFeed.h; sourceTree = "<group>"; };
		BDE60B0C191ADC3500534088 /* GTLPlusPeopleFeed.h */ = {isa = PBXFileReference; fileEncoding = 4; lastKnownFileType = sourcecode.c.h; path = GTLPlusPeopleFeed.h; sourceTree = "<group>"; };
		BDE60B0D191ADC3500534088 /* GTLPlusPerson.h */ = {isa = PBXFileReference; fileEncoding = 4; lastKnownFileType = sourcecode.c.h; path = GTLPlusPerson.h; sourceTree = "<group>"; };
		BDE60B0E191ADC3500534088 /* GTLPlusPlace.h */ = {isa = PBXFileReference; fileEncoding = 4; lastKnownFileType = sourcecode.c.h; path = GTLPlusPlace.h; sourceTree = "<group>"; };
		BDE60B0F191ADC3500534088 /* GTLQuery.h */ = {isa = PBXFileReference; fileEncoding = 4; lastKnownFileType = sourcecode.c.h; path = GTLQuery.h; sourceTree = "<group>"; };
		BDE60B10191ADC3500534088 /* GTLQueryPlus.h */ = {isa = PBXFileReference; fileEncoding = 4; lastKnownFileType = sourcecode.c.h; path = GTLQueryPlus.h; sourceTree = "<group>"; };
		BDE60B11191ADC3500534088 /* GTLRuntimeCommon.h */ = {isa = PBXFileReference; fileEncoding = 4; lastKnownFileType = sourcecode.c.h; path = GTLRuntimeCommon.h; sourceTree = "<group>"; };
		BDE60B12191ADC3500534088 /* GTLService.h */ = {isa = PBXFileReference; fileEncoding = 4; lastKnownFileType = sourcecode.c.h; path = GTLService.h; sourceTree = "<group>"; };
		BDE60B13191ADC3500534088 /* GTLServicePlus.h */ = {isa = PBXFileReference; fileEncoding = 4; lastKnownFileType = sourcecode.c.h; path = GTLServicePlus.h; sourceTree = "<group>"; };
		BDE60B14191ADC3500534088 /* GTLTargetNamespace.h */ = {isa = PBXFileReference; fileEncoding = 4; lastKnownFileType = sourcecode.c.h; path = GTLTargetNamespace.h; sourceTree = "<group>"; };
		BDE60B15191ADC3500534088 /* GTLUploadParameters.h */ = {isa = PBXFileReference; fileEncoding = 4; lastKnownFileType = sourcecode.c.h; path = GTLUploadParameters.h; sourceTree = "<group>"; };
		BDE60B16191ADC3500534088 /* GTLUtilities.h */ = {isa = PBXFileReference; fileEncoding = 4; lastKnownFileType = sourcecode.c.h; path = GTLUtilities.h; sourceTree = "<group>"; };
		BDE60B17191ADC3500534088 /* GTMDefines.h */ = {isa = PBXFileReference; fileEncoding = 4; lastKnownFileType = sourcecode.c.h; path = GTMDefines.h; sourceTree = "<group>"; };
		BDE60B18191ADC3500534088 /* GTMGarbageCollection.h */ = {isa = PBXFileReference; fileEncoding = 4; lastKnownFileType = sourcecode.c.h; path = GTMGarbageCollection.h; sourceTree = "<group>"; };
		BDE60B19191ADC3500534088 /* GTMHTTPFetcher.h */ = {isa = PBXFileReference; fileEncoding = 4; lastKnownFileType = sourcecode.c.h; path = GTMHTTPFetcher.h; sourceTree = "<group>"; };
		BDE60B1A191ADC3500534088 /* GTMHTTPFetcherLogging.h */ = {isa = PBXFileReference; fileEncoding = 4; lastKnownFileType = sourcecode.c.h; path = GTMHTTPFetcherLogging.h; sourceTree = "<group>"; };
		BDE60B1B191ADC3500534088 /* GTMHTTPFetcherService.h */ = {isa = PBXFileReference; fileEncoding = 4; lastKnownFileType = sourcecode.c.h; path = GTMHTTPFetcherService.h; sourceTree = "<group>"; };
		BDE60B1C191ADC3500534088 /* GTMHTTPFetchHistory.h */ = {isa = PBXFileReference; fileEncoding = 4; lastKnownFileType = sourcecode.c.h; path = GTMHTTPFetchHistory.h; sourceTree = "<group>"; };
		BDE60B1D191ADC3500534088 /* GTMHTTPUploadFetcher.h */ = {isa = PBXFileReference; fileEncoding = 4; lastKnownFileType = sourcecode.c.h; path = GTMHTTPUploadFetcher.h; sourceTree = "<group>"; };
		BDE60B1E191ADC3500534088 /* GTMLogger.h */ = {isa = PBXFileReference; fileEncoding = 4; lastKnownFileType = sourcecode.c.h; path = GTMLogger.h; sourceTree = "<group>"; };
		BDE60B1F191ADC3500534088 /* GTMMethodCheck.h */ = {isa = PBXFileReference; fileEncoding = 4; lastKnownFileType = sourcecode.c.h; path = GTMMethodCheck.h; sourceTree = "<group>"; };
		BDE60B20191ADC3500534088 /* GTMNSDictionary+URLArguments.h */ = {isa = PBXFileReference; fileEncoding = 4; lastKnownFileType = sourcecode.c.h; path = "GTMNSDictionary+URLArguments.h"; sourceTree = "<group>"; };
		BDE60B21191ADC3500534088 /* GTMNSString+URLArguments.h */ = {isa = PBXFileReference; fileEncoding = 4; lastKnownFileType = sourcecode.c.h; path = "GTMNSString+URLArguments.h"; sourceTree = "<group>"; };
		BDE60B22191ADC3500534088 /* GTMOAuth2Authentication.h */ = {isa = PBXFileReference; fileEncoding = 4; lastKnownFileType = sourcecode.c.h; path = GTMOAuth2Authentication.h; sourceTree = "<group>"; };
		BDE60B23191ADC3500534088 /* GTMOAuth2SignIn.h */ = {isa = PBXFileReference; fileEncoding = 4; lastKnownFileType = sourcecode.c.h; path = GTMOAuth2SignIn.h; sourceTree = "<group>"; };
		BDE60B24191ADC3500534088 /* GTMOAuth2ViewControllerTouch.h */ = {isa = PBXFileReference; fileEncoding = 4; lastKnownFileType = sourcecode.c.h; path = GTMOAuth2ViewControllerTouch.h; sourceTree = "<group>"; };
		BDE60B25191ADC3500534088 /* GTMObjC2Runtime.h */ = {isa = PBXFileReference; fileEncoding = 4; lastKnownFileType = sourcecode.c.h; path = GTMObjC2Runtime.h; sourceTree = "<group>"; };
		BDE60B26191ADC3500534088 /* OpenInChromeController.h */ = {isa = PBXFileReference; fileEncoding = 4; lastKnownFileType = sourcecode.c.h; path = OpenInChromeController.h; sourceTree = "<group>"; };
		BDE60B2E191ADF0300534088 /* FacebookSDK.framework */ = {isa = PBXFileReference; lastKnownFileType = wrapper.framework; path = FacebookSDK.framework; sourceTree = "<group>"; };
		BDE60B2F191ADF0300534088 /* GoogleOpenSource.framework */ = {isa = PBXFileReference; lastKnownFileType = wrapper.framework; path = GoogleOpenSource.framework; sourceTree = "<group>"; };
		BDE60B30191ADF0300534088 /* GooglePlus.framework */ = {isa = PBXFileReference; lastKnownFileType = wrapper.framework; path = GooglePlus.framework; sourceTree = "<group>"; };
		C7DFE01DFD2A0A56D97C8BD3 /* ZLAUserInfoPersistentStore.h */ = {isa = PBXFileReference; fileEncoding = 4; lastKnownFileType = sourcecode.c.h; path = ZLAUserInfoPersistentStore.h; sourceTree = "<group>"; };
		C7DFE138E4A680F41132FD45 /* ZLAAccountInfoUpdater.m */ = {isa = PBXFileReference; fileEncoding = 4; lastKnownFileType = sourcecode.c.objc; path = ZLAAccountInfoUpdater.m; sourceTree = "<group>"; };
		C7DFE36D63A8F92817A0CD8E /* ZLAUserInfoValidator.h */ = {isa = PBXFileReference; fileEncoding = 4; lastKnownFileType = sourcecode.c.h; path = ZLAUserInfoValidator.h; sourceTree = "<group>"; };
		C7DFE3C14A279A4239DC42CD /* ZLAAutoAuthorizationPerformer.h */ = {isa = PBXFileReference; fileEncoding = 4; lastKnownFileType = sourcecode.c.h; path = ZLAAutoAuthorizationPerformer.h; sourceTree = "<group>"; };
		C7DFE4009CFC8E3E176DCD3E /* ZLAAppDelegate.m */ = {isa = PBXFileReference; fileEncoding = 4; lastKnownFileType = sourcecode.c.objc; path = ZLAAppDelegate.m; sourceTree = "<group>"; };
		C7DFE5593D556C35A9C86DEA /* UIAlertView+ZLAuthorizer.m */ = {isa = PBXFileReference; fileEncoding = 4; lastKnownFileType = sourcecode.c.objc; path = "UIAlertView+ZLAuthorizer.m"; sourceTree = "<group>"; };
		C7DFE70C5074A7B98B3A941F /* ZLAAccountInfoUpdater.h */ = {isa = PBXFileReference; fileEncoding = 4; lastKnownFileType = sourcecode.c.h; path = ZLAAccountInfoUpdater.h; sourceTree = "<group>"; };
		C7DFE743E27F66C3839FBE04 /* ZLAUserInfoPersistentStore.m */ = {isa = PBXFileReference; fileEncoding = 4; lastKnownFileType = sourcecode.c.objc; path = ZLAUserInfoPersistentStore.m; sourceTree = "<group>"; };
		C7DFE8D64AF7E33F39C20B17 /* UIAlertView+ZLAuthorizer.h */ = {isa = PBXFileReference; fileEncoding = 4; lastKnownFileType = sourcecode.c.h; path = "UIAlertView+ZLAuthorizer.h"; sourceTree = "<group>"; };
		C7DFEC8B92FBBAF56201C5A9 /* ZLAAutoAuthorizationPerformer.m */ = {isa = PBXFileReference; fileEncoding = 4; lastKnownFileType = sourcecode.c.objc; path = ZLAAutoAuthorizationPerformer.m; sourceTree = "<group>"; };
		C7DFEDD4490B988C56FB9EC2 /* ZLAAppDelegate.h */ = {isa = PBXFileReference; fileEncoding = 4; lastKnownFileType = sourcecode.c.h; path = ZLAAppDelegate.h; sourceTree = "<group>"; };
		C7DFEDDF36D9E69186633DC5 /* ZLAConcreteAuthorizer.h */ = {isa = PBXFileReference; fileEncoding = 4; lastKnownFileType = sourcecode.c.h; path = ZLAConcreteAuthorizer.h; sourceTree = "<group>"; };
		C7DFEE47B032C02DE8AC6021 /* ZLAUserInfoValidator.m */ = {isa = PBXFileReference; fileEncoding = 4; lastKnownFileType = sourcecode.c.objc; path = ZLAUserInfoValidator.m; sourceTree = "<group>"; };
		E69D0D86190C52B400AB00C6 /* AddressBook.framework */ = {isa = PBXFileReference; lastKnownFileType = wrapper.framework; name = AddressBook.framework; path = System/Library/Frameworks/AddressBook.framework; sourceTree = SDKROOT; };
		E69D0D88190C52BC00AB00C6 /* AssetsLibrary.framework */ = {isa = PBXFileReference; lastKnownFileType = wrapper.framework; name = AssetsLibrary.framework; path = System/Library/Frameworks/AssetsLibrary.framework; sourceTree = SDKROOT; };
		E69D0D8A190C52E800AB00C6 /* CoreLocation.framework */ = {isa = PBXFileReference; lastKnownFileType = wrapper.framework; name = CoreLocation.framework; path = System/Library/Frameworks/CoreLocation.framework; sourceTree = SDKROOT; };
		E69D0D8C190C52F100AB00C6 /* CoreMotion.framework */ = {isa = PBXFileReference; lastKnownFileType = wrapper.framework; name = CoreMotion.framework; path = System/Library/Frameworks/CoreMotion.framework; sourceTree = SDKROOT; };
		E69D0D8E190C530D00AB00C6 /* CoreText.framework */ = {isa = PBXFileReference; lastKnownFileType = wrapper.framework; name = CoreText.framework; path = System/Library/Frameworks/CoreText.framework; sourceTree = SDKROOT; };
		E69D0D90190C531A00AB00C6 /* MediaPlayer.framework */ = {isa = PBXFileReference; lastKnownFileType = wrapper.framework; name = MediaPlayer.framework; path = System/Library/Frameworks/MediaPlayer.framework; sourceTree = SDKROOT; };
		E69D0D92190C532600AB00C6 /* Security.framework */ = {isa = PBXFileReference; lastKnownFileType = wrapper.framework; name = Security.framework; path = System/Library/Frameworks/Security.framework; sourceTree = SDKROOT; };
		E69D0D94190C533800AB00C6 /* SystemConfiguration.framework */ = {isa = PBXFileReference; lastKnownFileType = wrapper.framework; name = SystemConfiguration.framework; path = System/Library/Frameworks/SystemConfiguration.framework; sourceTree = SDKROOT; };
		E6DB4B2B19143AE600959B9C /* BFExecutor.h */ = {isa = PBXFileReference; fileEncoding = 4; lastKnownFileType = sourcecode.c.h; path = BFExecutor.h; sourceTree = "<group>"; };
		E6DB4B2C19143AE600959B9C /* BFTask.h */ = {isa = PBXFileReference; fileEncoding = 4; lastKnownFileType = sourcecode.c.h; path = BFTask.h; sourceTree = "<group>"; };
		E6DB4B2D19143AE600959B9C /* BFTaskCompletionSource.h */ = {isa = PBXFileReference; fileEncoding = 4; lastKnownFileType = sourcecode.c.h; path = BFTaskCompletionSource.h; sourceTree = "<group>"; };
		E6DB4B2E19143AE600959B9C /* Bolts.h */ = {isa = PBXFileReference; fileEncoding = 4; lastKnownFileType = sourcecode.c.h; path = Bolts.h; sourceTree = "<group>"; };
		E6DB4B2F19143AE600959B9C /* BoltsVersion.h */ = {isa = PBXFileReference; fileEncoding = 4; lastKnownFileType = sourcecode.c.h; path = BoltsVersion.h; sourceTree = "<group>"; };
		F4921F4F54A24C3FB127318C /* Pods.xcconfig */ = {isa = PBXFileReference; includeInIndex = 1; lastKnownFileType = text.xcconfig; name = Pods.xcconfig; path = ../Pods/Pods.xcconfig; sourceTree = "<group>"; };
/* End PBXFileReference section */

/* Begin PBXFrameworksBuildPhase section */
		BD46901819006D53003EEC0E /* Frameworks */ = {
			isa = PBXFrameworksBuildPhase;
			buildActionMask = 2147483647;
			files = (
				BDE60B31191ADF1200534088 /* FacebookSDK.framework in Frameworks */,
				BDE60B32191ADF1200534088 /* GoogleOpenSource.framework in Frameworks */,
				BDE60B33191ADF1200534088 /* GooglePlus.framework in Frameworks */,
				E69D0D95190C533800AB00C6 /* SystemConfiguration.framework in Frameworks */,
				E69D0D93190C532600AB00C6 /* Security.framework in Frameworks */,
				E69D0D91190C531A00AB00C6 /* MediaPlayer.framework in Frameworks */,
				E69D0D8F190C530D00AB00C6 /* CoreText.framework in Frameworks */,
				BD46902119006D53003EEC0E /* CoreGraphics.framework in Frameworks */,
				E69D0D8D190C52F100AB00C6 /* CoreMotion.framework in Frameworks */,
				E69D0D8B190C52E800AB00C6 /* CoreLocation.framework in Frameworks */,
				E69D0D89190C52BC00AB00C6 /* AssetsLibrary.framework in Frameworks */,
				E69D0D87190C52B400AB00C6 /* AddressBook.framework in Frameworks */,
				BD46902319006D53003EEC0E /* UIKit.framework in Frameworks */,
				BD46901F19006D53003EEC0E /* Foundation.framework in Frameworks */,
				92252B5810EC479B8C7A55C2 /* libPods.a in Frameworks */,
			);
			runOnlyForDeploymentPostprocessing = 0;
		};
/* End PBXFrameworksBuildPhase section */

/* Begin PBXGroup section */
		BD06753D191BC378002D2231 /* Auto authorization */ = {
			isa = PBXGroup;
			children = (
				C7DFEC8B92FBBAF56201C5A9 /* ZLAAutoAuthorizationPerformer.m */,
				C7DFE3C14A279A4239DC42CD /* ZLAAutoAuthorizationPerformer.h */,
			);
			path = "Auto authorization";
			sourceTree = "<group>";
		};
		BD1836B51912A0FA00D8C129 /* Account info updates */ = {
			isa = PBXGroup;
			children = (
				C7DFE138E4A680F41132FD45 /* ZLAAccountInfoUpdater.m */,
				C7DFE70C5074A7B98B3A941F /* ZLAAccountInfoUpdater.h */,
			);
			path = "Account info updates";
			sourceTree = "<group>";
		};
		BD1836C81912D91C00D8C129 /* Device identifier */ = {
			isa = PBXGroup;
			children = (
				BD1836C91912D91C00D8C129 /* NSString+MD5Addition.h */,
				BD1836CA1912D91C00D8C129 /* NSString+MD5Addition.m */,
				BD1836CB1912D91C00D8C129 /* UIDevice+IdentifierAddition.h */,
				BD1836CC1912D91C00D8C129 /* UIDevice+IdentifierAddition.m */,
			);
			path = "Device identifier";
			sourceTree = "<group>";
		};
		BD3D2A33191AB9A10078C879 /* Authorization */ = {
			isa = PBXGroup;
			children = (
				BD06753D191BC378002D2231 /* Auto authorization */,
				BD3D2A34191AB9A10078C879 /* Native */,
				BD3D2A39191AB9A10078C879 /* Social */,
				C7DFEDDF36D9E69186633DC5 /* ZLAConcreteAuthorizer.h */,
			);
			path = Authorization;
			sourceTree = "<group>";
		};
		BD3D2A34191AB9A10078C879 /* Native */ = {
			isa = PBXGroup;
			children = (
				BD3D2A35191AB9A10078C879 /* ZLANativeAuthorizationRequester.h */,
				BD3D2A36191AB9A10078C879 /* ZLANativeAuthorizationRequester.m */,
				BD3D2A37191AB9A10078C879 /* ZLANativeAuthorizer.h */,
				BD3D2A38191AB9A10078C879 /* ZLANativeAuthorizer.m */,
			);
			path = Native;
			sourceTree = "<group>";
		};
		BD3D2A39191AB9A10078C879 /* Social */ = {
			isa = PBXGroup;
			children = (
				BD3D2A3A191AB9A10078C879 /* Facebook */,
				BD3D2A3D191AB9A10078C879 /* Google+ */,
				BD3D2A42191AB9A10078C879 /* Shared */,
				BD3D2A45191AB9A10078C879 /* Twitter */,
			);
			path = Social;
			sourceTree = "<group>";
		};
		BD3D2A3A191AB9A10078C879 /* Facebook */ = {
			isa = PBXGroup;
			children = (
				BD3D2A3B191AB9A10078C879 /* ZLAFacebookAuthorizer.h */,
				BD3D2A3C191AB9A10078C879 /* ZLAFacebookAuthorizer.m */,
			);
			path = Facebook;
			sourceTree = "<group>";
		};
		BD3D2A3D191AB9A10078C879 /* Google+ */ = {
			isa = PBXGroup;
			children = (
				BD3D2A3E191AB9A10078C879 /* ZLAGooglePlusAuthorizationRequester.h */,
				BD3D2A3F191AB9A10078C879 /* ZLAGooglePlusAuthorizationRequester.m */,
				BD3D2A40191AB9A10078C879 /* ZLAGooglePlusAuthorizer.h */,
				BD3D2A41191AB9A10078C879 /* ZLAGooglePlusAuthorizer.m */,
			);
			path = "Google+";
			sourceTree = "<group>";
		};
		BD3D2A42191AB9A10078C879 /* Shared */ = {
			isa = PBXGroup;
			children = (
				BD3D2A43191AB9A10078C879 /* ZLASocialAuthorizationRequester.h */,
				BD3D2A44191AB9A10078C879 /* ZLASocialAuthorizationRequester.m */,
			);
			path = Shared;
			sourceTree = "<group>";
		};
		BD3D2A45191AB9A10078C879 /* Twitter */ = {
			isa = PBXGroup;
			children = (
				BD3D2A46191AB9A10078C879 /* ABOAuthCore */,
				BD3D2A4D191AB9A10078C879 /* ZLASignedTwitterRequest.h */,
				BD3D2A4E191AB9A10078C879 /* ZLASignedTwitterRequest.m */,
				BD3D2A4F191AB9A10078C879 /* ZLATwitterAccountsAccessor.h */,
				BD3D2A50191AB9A10078C879 /* ZLATwitterAccountsAccessor.m */,
				BD3D2A51191AB9A10078C879 /* ZLATwitterAPIRequestsPerformer.h */,
				BD3D2A52191AB9A10078C879 /* ZLATwitterAPIRequestsPerformer.m */,
				BD3D2A53191AB9A10078C879 /* ZLATwitterAuthorizer.h */,
				BD3D2A54191AB9A10078C879 /* ZLATwitterAuthorizer.m */,
			);
			path = Twitter;
			sourceTree = "<group>";
		};
		BD3D2A46191AB9A10078C879 /* ABOAuthCore */ = {
			isa = PBXGroup;
			children = (
				BD3D2A47191AB9A10078C879 /* NSData+Base64.h */,
				BD3D2A48191AB9A10078C879 /* NSData+Base64.m */,
				BD3D2A49191AB9A10078C879 /* OAuth+Additions.h */,
				BD3D2A4A191AB9A10078C879 /* OAuth+Additions.m */,
				BD3D2A4B191AB9A10078C879 /* OAuthCore.h */,
				BD3D2A4C191AB9A10078C879 /* OAuthCore.m */,
			);
			path = ABOAuthCore;
			sourceTree = "<group>";
		};
		BD46901219006D53003EEC0E = {
			isa = PBXGroup;
			children = (
				BD46902419006D53003EEC0E /* AuthorizerExample */,
				BD46901D19006D53003EEC0E /* Frameworks */,
				BD46901C19006D53003EEC0E /* Products */,
				E6DB4B2919143AC100959B9C /* Pods Headers */,
				F4921F4F54A24C3FB127318C /* Pods.xcconfig */,
			);
			sourceTree = "<group>";
		};
		BD46901C19006D53003EEC0E /* Products */ = {
			isa = PBXGroup;
			children = (
				BD46901B19006D53003EEC0E /* AuthorizerExample.app */,
			);
			name = Products;
			sourceTree = "<group>";
		};
		BD46901D19006D53003EEC0E /* Frameworks */ = {
			isa = PBXGroup;
			children = (
				BDE60B2D191ADF0300534088 /* Frameworks */,
				E69D0D94190C533800AB00C6 /* SystemConfiguration.framework */,
				E69D0D92190C532600AB00C6 /* Security.framework */,
				E69D0D90190C531A00AB00C6 /* MediaPlayer.framework */,
				E69D0D8E190C530D00AB00C6 /* CoreText.framework */,
				E69D0D8C190C52F100AB00C6 /* CoreMotion.framework */,
				E69D0D8A190C52E800AB00C6 /* CoreLocation.framework */,
				E69D0D88190C52BC00AB00C6 /* AssetsLibrary.framework */,
				E69D0D86190C52B400AB00C6 /* AddressBook.framework */,
				BD46901E19006D53003EEC0E /* Foundation.framework */,
				BD46902019006D53003EEC0E /* CoreGraphics.framework */,
				BD46902219006D53003EEC0E /* UIKit.framework */,
				0D1FF1D4A5CB4B60978119A4 /* libPods.a */,
			);
			name = Frameworks;
			sourceTree = "<group>";
		};
		BD46902419006D53003EEC0E /* AuthorizerExample */ = {
			isa = PBXGroup;
			children = (
				BDA78E12190071E1001484C5 /* Authorizer */,
				BD46902D19006D53003EEC0E /* AppDelegate.h */,
				BD46902E19006D53003EEC0E /* AppDelegate.m */,
				BD46903019006D53003EEC0E /* Main.storyboard */,
				BD46903319006D53003EEC0E /* ViewController.h */,
				BD46903419006D53003EEC0E /* ViewController.m */,
				BD46903619006D53003EEC0E /* Images.xcassets */,
				BD46902519006D53003EEC0E /* Supporting Files */,
			);
			path = AuthorizerExample;
			sourceTree = "<group>";
		};
		BD46902519006D53003EEC0E /* Supporting Files */ = {
			isa = PBXGroup;
			children = (
				BD46902619006D53003EEC0E /* AuthorizerExample-Info.plist */,
				BD46902719006D53003EEC0E /* InfoPlist.strings */,
				BD46902A19006D53003EEC0E /* main.m */,
				BD46902C19006D53003EEC0E /* AuthorizerExample-Prefix.pch */,
			);
			name = "Supporting Files";
			sourceTree = "<group>";
		};
		BDA78E12190071E1001484C5 /* Authorizer */ = {
			isa = PBXGroup;
			children = (
				BDE60ABA191ADC3500534088 /* Pods Headers */,
				BD3D2A33191AB9A10078C879 /* Authorization */,
				BD1836C81912D91C00D8C129 /* Device identifier */,
				BD1836B51912A0FA00D8C129 /* Account info updates */,
				BDC454B319193C3E001B8A5D /* AppDelegate */,
				BDD822C2190B07F600C2C2B1 /* Categories */,
				BDD802651901C53200C9B406 /* UserInfo */,
				BDA78E13190071E1001484C5 /* Authorizer */,
				BDA78E1A190071E1001484C5 /* CredentialsStorage */,
			);
			name = Authorizer;
			path = ../../Authorizer;
			sourceTree = "<group>";
		};
		BDA78E13190071E1001484C5 /* Authorizer */ = {
			isa = PBXGroup;
			children = (
				BDA78E14190071E1001484C5 /* ZLAAuthorizationResponseHandler.h */,
				BDA78E15190071E1001484C5 /* ZLAAuthorizationResponseHandler.m */,
				BDA78E18190071E1001484C5 /* ZLAAuthorizer.h */,
				BDA78E19190071E1001484C5 /* ZLAAuthorizer.m */,
				BD7E731619055DE3009E0F33 /* ZLAConstants.h */,
				BDCC829E190E4D15001BDAD8 /* ZLASharedTypes.h */,
			);
			path = Authorizer;
			sourceTree = "<group>";
		};
		BDA78E1A190071E1001484C5 /* CredentialsStorage */ = {
			isa = PBXGroup;
			children = (
				BDA78E1B190071E1001484C5 /* ZLACredentialsStorage.h */,
				BDA78E1C190071E1001484C5 /* ZLACredentialsStorage.m */,
			);
			path = CredentialsStorage;
			sourceTree = "<group>";
		};
		BDC454B319193C3E001B8A5D /* AppDelegate */ = {
			isa = PBXGroup;
			children = (
				C7DFE4009CFC8E3E176DCD3E /* ZLAAppDelegate.m */,
				C7DFEDD4490B988C56FB9EC2 /* ZLAAppDelegate.h */,
			);
			path = AppDelegate;
			sourceTree = "<group>";
		};
		BDD802651901C53200C9B406 /* UserInfo */ = {
			isa = PBXGroup;
			children = (
				BDD802661901C53200C9B406 /* ZLAUserInfoContainer.h */,
				BDD802671901C53200C9B406 /* ZLAUserInfoContainer.m */,
				C7DFEE47B032C02DE8AC6021 /* ZLAUserInfoValidator.m */,
				C7DFE36D63A8F92817A0CD8E /* ZLAUserInfoValidator.h */,
				C7DFE743E27F66C3839FBE04 /* ZLAUserInfoPersistentStore.m */,
				C7DFE01DFD2A0A56D97C8BD3 /* ZLAUserInfoPersistentStore.h */,
			);
			path = UserInfo;
			sourceTree = "<group>";
		};
		BDD822C2190B07F600C2C2B1 /* Categories */ = {
			isa = PBXGroup;
			children = (
				C7DFE5593D556C35A9C86DEA /* UIAlertView+ZLAuthorizer.m */,
				C7DFE8D64AF7E33F39C20B17 /* UIAlertView+ZLAuthorizer.h */,
			);
			path = Categories;
			sourceTree = "<group>";
		};
		BDE60ABA191ADC3500534088 /* Pods Headers */ = {
			isa = PBXGroup;
			children = (
				BDE60ABB191ADC3500534088 /* BoltsHeaders */,
				BDE60AC1191ADC3500534088 /* Facebook */,
				BDE60AF0191ADC3500534088 /* Google */,
			);
			path = "Pods Headers";
			sourceTree = "<group>";
		};
		BDE60ABB191ADC3500534088 /* BoltsHeaders */ = {
			isa = PBXGroup;
			children = (
				BDE60ABC191ADC3500534088 /* BFExecutor.h */,
				BDE60ABD191ADC3500534088 /* BFTask.h */,
				BDE60ABE191ADC3500534088 /* BFTaskCompletionSource.h */,
				BDE60ABF191ADC3500534088 /* Bolts.h */,
				BDE60AC0191ADC3500534088 /* BoltsVersion.h */,
			);
			path = BoltsHeaders;
			sourceTree = "<group>";
		};
		BDE60AC1191ADC3500534088 /* Facebook */ = {
			isa = PBXGroup;
			children = (
				BDE60AC2191ADC3500534088 /* FacebookSDK.h */,
				BDE60AC3191ADC3500534088 /* FBAccessTokenData.h */,
				BDE60AC4191ADC3500534088 /* FBAppCall.h */,
				BDE60AC5191ADC3500534088 /* FBAppEvents.h */,
				BDE60AC6191ADC3500534088 /* FBAppLinkData.h */,
				BDE60AC7191ADC3500534088 /* FBAppLinkResolver.h */,
				BDE60AC8191ADC3500534088 /* FBCacheDescriptor.h */,
				BDE60AC9191ADC3500534088 /* FBColor.h */,
				BDE60ACA191ADC3500534088 /* FBDialogs.h */,
				BDE60ACB191ADC3500534088 /* FBDialogsData.h */,
				BDE60ACC191ADC3500534088 /* FBDialogsParams.h */,
				BDE60ACD191ADC3500534088 /* FBError.h */,
				BDE60ACE191ADC3500534088 /* FBErrorUtility.h */,
				BDE60ACF191ADC3500534088 /* FBFrictionlessRecipientCache.h */,
				BDE60AD0191ADC3500534088 /* FBFriendPickerViewController.h */,
				BDE60AD1191ADC3500534088 /* FBGraphLocation.h */,
				BDE60AD2191ADC3500534088 /* FBGraphObject.h */,
				BDE60AD3191ADC3500534088 /* FBGraphPlace.h */,
				BDE60AD4191ADC3500534088 /* FBGraphUser.h */,
				BDE60AD5191ADC3500534088 /* FBInsights.h */,
				BDE60AD6191ADC3500534088 /* FBLikeControl.h */,
				BDE60AD7191ADC3500534088 /* FBLinkShareParams.h */,
				BDE60AD8191ADC3500534088 /* FBLoginTooltipView.h */,
				BDE60AD9191ADC3500534088 /* FBLoginView.h */,
				BDE60ADA191ADC3500534088 /* FBNativeDialogs.h */,
				BDE60ADB191ADC3500534088 /* FBOpenGraphAction.h */,
				BDE60ADC191ADC3500534088 /* FBOpenGraphActionParams.h */,
				BDE60ADD191ADC3500534088 /* FBOpenGraphActionShareDialogParams.h */,
				BDE60ADE191ADC3500534088 /* FBOpenGraphObject.h */,
				BDE60ADF191ADC3500534088 /* FBPhotoParams.h */,
				BDE60AE0191ADC3500534088 /* FBPlacePickerViewController.h */,
				BDE60AE1191ADC3500534088 /* FBProfilePictureView.h */,
				BDE60AE2191ADC3500534088 /* FBRequest.h */,
				BDE60AE3191ADC3500534088 /* FBRequestConnection.h */,
				BDE60AE4191ADC3500534088 /* FBSDKMacros.h */,
				BDE60AE5191ADC3500534088 /* FBSession.h */,
				BDE60AE6191ADC3500534088 /* FBSessionTokenCachingStrategy.h */,
				BDE60AE7191ADC3500534088 /* FBSettings.h */,
				BDE60AE8191ADC3500534088 /* FBShareDialogParams.h */,
				BDE60AE9191ADC3500534088 /* FBShareDialogPhotoParams.h */,
				BDE60AEA191ADC3500534088 /* FBTestSession.h */,
				BDE60AEB191ADC3500534088 /* FBTooltipView.h */,
				BDE60AEC191ADC3500534088 /* FBUserSettingsViewController.h */,
				BDE60AED191ADC3500534088 /* FBViewController.h */,
				BDE60AEE191ADC3500534088 /* FBWebDialogs.h */,
				BDE60AEF191ADC3500534088 /* NSError+FBError.h */,
			);
			path = Facebook;
			sourceTree = "<group>";
		};
		BDE60AF0191ADC3500534088 /* Google */ = {
			isa = PBXGroup;
			children = (
				BDE60AF1191ADC3500534088 /* GoogleOpenSource.h */,
				BDE60AF2191ADC3500534088 /* GooglePlus.h */,
				BDE60AF3191ADC3500534088 /* GPPDeepLink.h */,
				BDE60AF4191ADC3500534088 /* GPPShare.h */,
				BDE60AF5191ADC3500534088 /* GPPSignIn.h */,
				BDE60AF6191ADC3500534088 /* GPPSignInButton.h */,
				BDE60AF7191ADC3500534088 /* GPPURLHandler.h */,
				BDE60AF8191ADC3500534088 /* GTLBase64.h */,
				BDE60AF9191ADC3500534088 /* GTLBatchQuery.h */,
				BDE60AFA191ADC3500534088 /* GTLBatchResult.h */,
				BDE60AFB191ADC3500534088 /* GTLDateTime.h */,
				BDE60AFC191ADC3500534088 /* GTLDefines.h */,
				BDE60AFD191ADC3500534088 /* GTLErrorObject.h */,
				BDE60AFE191ADC3500534088 /* GTLFramework.h */,
				BDE60AFF191ADC3500534088 /* GTLJSONParser.h */,
				BDE60B00191ADC3500534088 /* GTLObject.h */,
				BDE60B01191ADC3500534088 /* GTLPlus.h */,
				BDE60B02191ADC3500534088 /* GTLPlusAcl.h */,
				BDE60B03191ADC3500534088 /* GTLPlusAclentryResource.h */,
				BDE60B04191ADC3500534088 /* GTLPlusActivity.h */,
				BDE60B05191ADC3500534088 /* GTLPlusActivityFeed.h */,
				BDE60B06191ADC3500534088 /* GTLPlusComment.h */,
				BDE60B07191ADC3500534088 /* GTLPlusCommentFeed.h */,
				BDE60B08191ADC3500534088 /* GTLPlusConstants.h */,
				BDE60B09191ADC3500534088 /* GTLPlusItemScope.h */,
				BDE60B0A191ADC3500534088 /* GTLPlusMoment.h */,
				BDE60B0B191ADC3500534088 /* GTLPlusMomentsFeed.h */,
				BDE60B0C191ADC3500534088 /* GTLPlusPeopleFeed.h */,
				BDE60B0D191ADC3500534088 /* GTLPlusPerson.h */,
				BDE60B0E191ADC3500534088 /* GTLPlusPlace.h */,
				BDE60B0F191ADC3500534088 /* GTLQuery.h */,
				BDE60B10191ADC3500534088 /* GTLQueryPlus.h */,
				BDE60B11191ADC3500534088 /* GTLRuntimeCommon.h */,
				BDE60B12191ADC3500534088 /* GTLService.h */,
				BDE60B13191ADC3500534088 /* GTLServicePlus.h */,
				BDE60B14191ADC3500534088 /* GTLTargetNamespace.h */,
				BDE60B15191ADC3500534088 /* GTLUploadParameters.h */,
				BDE60B16191ADC3500534088 /* GTLUtilities.h */,
				BDE60B17191ADC3500534088 /* GTMDefines.h */,
				BDE60B18191ADC3500534088 /* GTMGarbageCollection.h */,
				BDE60B19191ADC3500534088 /* GTMHTTPFetcher.h */,
				BDE60B1A191ADC3500534088 /* GTMHTTPFetcherLogging.h */,
				BDE60B1B191ADC3500534088 /* GTMHTTPFetcherService.h */,
				BDE60B1C191ADC3500534088 /* GTMHTTPFetchHistory.h */,
				BDE60B1D191ADC3500534088 /* GTMHTTPUploadFetcher.h */,
				BDE60B1E191ADC3500534088 /* GTMLogger.h */,
				BDE60B1F191ADC3500534088 /* GTMMethodCheck.h */,
				BDE60B20191ADC3500534088 /* GTMNSDictionary+URLArguments.h */,
				BDE60B21191ADC3500534088 /* GTMNSString+URLArguments.h */,
				BDE60B22191ADC3500534088 /* GTMOAuth2Authentication.h */,
				BDE60B23191ADC3500534088 /* GTMOAuth2SignIn.h */,
				BDE60B24191ADC3500534088 /* GTMOAuth2ViewControllerTouch.h */,
				BDE60B25191ADC3500534088 /* GTMObjC2Runtime.h */,
				BDE60B26191ADC3500534088 /* OpenInChromeController.h */,
			);
			path = Google;
			sourceTree = "<group>";
		};
		BDE60B2D191ADF0300534088 /* Frameworks */ = {
			isa = PBXGroup;
			children = (
				BDE60B2E191ADF0300534088 /* FacebookSDK.framework */,
				BDE60B2F191ADF0300534088 /* GoogleOpenSource.framework */,
				BDE60B30191ADF0300534088 /* GooglePlus.framework */,
			);
			path = Frameworks;
			sourceTree = "<group>";
		};
		E6DB4B2919143AC100959B9C /* Pods Headers */ = {
			isa = PBXGroup;
			children = (
				E6DB4B2A19143AE600959B9C /* BoltsHeaders */,
			);
			name = "Pods Headers";
			sourceTree = "<group>";
		};
		E6DB4B2A19143AE600959B9C /* BoltsHeaders */ = {
			isa = PBXGroup;
			children = (
				E6DB4B2B19143AE600959B9C /* BFExecutor.h */,
				E6DB4B2C19143AE600959B9C /* BFTask.h */,
				E6DB4B2D19143AE600959B9C /* BFTaskCompletionSource.h */,
				E6DB4B2E19143AE600959B9C /* Bolts.h */,
				E6DB4B2F19143AE600959B9C /* BoltsVersion.h */,
			);
			name = BoltsHeaders;
			path = "../Authorizer/Pods Headers/BoltsHeaders";
			sourceTree = "<group>";
		};
/* End PBXGroup section */

/* Begin PBXNativeTarget section */
		BD46901A19006D53003EEC0E /* AuthorizerExample */ = {
			isa = PBXNativeTarget;
			buildConfigurationList = BD46904D19006D53003EEC0E /* Build configuration list for PBXNativeTarget "AuthorizerExample" */;
			buildPhases = (
				FCCAED79168B47E983BCF78B /* Check Pods Manifest.lock */,
				BD46901719006D53003EEC0E /* Sources */,
				BD46901819006D53003EEC0E /* Frameworks */,
				BD46901919006D53003EEC0E /* Resources */,
				707C67F582E5432C948B3A20 /* Copy Pods Resources */,
			);
			buildRules = (
			);
			dependencies = (
			);
			name = AuthorizerExample;
			productName = AuthorizerExample;
			productReference = BD46901B19006D53003EEC0E /* AuthorizerExample.app */;
			productType = "com.apple.product-type.application";
		};
/* End PBXNativeTarget section */

/* Begin PBXProject section */
		BD46901319006D53003EEC0E /* Project object */ = {
			isa = PBXProject;
			attributes = {
				LastUpgradeCheck = 0510;
				ORGANIZATIONNAME = ZappyLab;
			};
			buildConfigurationList = BD46901619006D53003EEC0E /* Build configuration list for PBXProject "AuthorizerExample" */;
			compatibilityVersion = "Xcode 3.2";
			developmentRegion = English;
			hasScannedForEncodings = 0;
			knownRegions = (
				en,
				Base,
			);
			mainGroup = BD46901219006D53003EEC0E;
			productRefGroup = BD46901C19006D53003EEC0E /* Products */;
			projectDirPath = "";
			projectRoot = "";
			targets = (
				BD46901A19006D53003EEC0E /* AuthorizerExample */,
			);
		};
/* End PBXProject section */

/* Begin PBXResourcesBuildPhase section */
		BD46901919006D53003EEC0E /* Resources */ = {
			isa = PBXResourcesBuildPhase;
			buildActionMask = 2147483647;
			files = (
				BD46903719006D53003EEC0E /* Images.xcassets in Resources */,
				BD46902919006D53003EEC0E /* InfoPlist.strings in Resources */,
				BD46903219006D53003EEC0E /* Main.storyboard in Resources */,
			);
			runOnlyForDeploymentPostprocessing = 0;
		};
/* End PBXResourcesBuildPhase section */

/* Begin PBXShellScriptBuildPhase section */
		707C67F582E5432C948B3A20 /* Copy Pods Resources */ = {
			isa = PBXShellScriptBuildPhase;
			buildActionMask = 2147483647;
			files = (
			);
			inputPaths = (
			);
			name = "Copy Pods Resources";
			outputPaths = (
			);
			runOnlyForDeploymentPostprocessing = 0;
			shellPath = /bin/sh;
			shellScript = "\"${SRCROOT}/../Pods/Pods-resources.sh\"\n";
			showEnvVarsInLog = 0;
		};
		FCCAED79168B47E983BCF78B /* Check Pods Manifest.lock */ = {
			isa = PBXShellScriptBuildPhase;
			buildActionMask = 2147483647;
			files = (
			);
			inputPaths = (
			);
			name = "Check Pods Manifest.lock";
			outputPaths = (
			);
			runOnlyForDeploymentPostprocessing = 0;
			shellPath = /bin/sh;
			shellScript = "diff \"${PODS_ROOT}/../Podfile.lock\" \"${PODS_ROOT}/Manifest.lock\" > /dev/null\nif [[ $? != 0 ]] ; then\n    cat << EOM\nerror: The sandbox is not in sync with the Podfile.lock. Run 'pod install' or update your CocoaPods installation.\nEOM\n    exit 1\nfi\n";
			showEnvVarsInLog = 0;
		};
/* End PBXShellScriptBuildPhase section */

/* Begin PBXSourcesBuildPhase section */
		BD46901719006D53003EEC0E /* Sources */ = {
			isa = PBXSourcesBuildPhase;
			buildActionMask = 2147483647;
			files = (
				BD3D2A5D191AB9A10078C879 /* OAuthCore.m in Sources */,
				BD3D2A55191AB9A10078C879 /* ZLANativeAuthorizationRequester.m in Sources */,
				BDA78E1D190071E1001484C5 /* ZLAAuthorizationResponseHandler.m in Sources */,
				BD3D2A57191AB9A10078C879 /* ZLAFacebookAuthorizer.m in Sources */,
				BD46903519006D53003EEC0E /* ViewController.m in Sources */,
				BDA78E1F190071E1001484C5 /* ZLAAuthorizer.m in Sources */,
				BD3D2A5F191AB9A10078C879 /* ZLATwitterAccountsAccessor.m in Sources */,
				BDA78E20190071E1001484C5 /* ZLACredentialsStorage.m in Sources */,
				BD46902F19006D53003EEC0E /* AppDelegate.m in Sources */,
				BD3D2A58191AB9A10078C879 /* ZLAGooglePlusAuthorizationRequester.m in Sources */,
				BDD802681901C53200C9B406 /* ZLAUserInfoContainer.m in Sources */,
				BD1836CD1912D91C00D8C129 /* NSString+MD5Addition.m in Sources */,
				BD46902B19006D53003EEC0E /* main.m in Sources */,
				BD3D2A5C191AB9A10078C879 /* OAuth+Additions.m in Sources */,
				C7DFE28B9BE94F34F54475E2 /* UIAlertView+ZLAuthorizer.m in Sources */,
				C7DFE001374973369A5CA354 /* ZLAAccountInfoUpdater.m in Sources */,
				BD3D2A61191AB9A10078C879 /* ZLATwitterAuthorizer.m in Sources */,
				BD3D2A60191AB9A10078C879 /* ZLATwitterAPIRequestsPerformer.m in Sources */,
				BD3D2A56191AB9A10078C879 /* ZLANativeAuthorizer.m in Sources */,
				C7DFE6B3FB0EDE235CD75BCC /* ZLAUserInfoValidator.m in Sources */,
				BD3D2A5E191AB9A10078C879 /* ZLASignedTwitterRequest.m in Sources */,
				BD3D2A59191AB9A10078C879 /* ZLAGooglePlusAuthorizer.m in Sources */,
				BD1836CE1912D91C00D8C129 /* UIDevice+IdentifierAddition.m in Sources */,
				BD3D2A5B191AB9A10078C879 /* NSData+Base64.m in Sources */,
				BD3D2A5A191AB9A10078C879 /* ZLASocialAuthorizationRequester.m in Sources */,
				C7DFEA52FDCFA017F3749B31 /* ZLAAppDelegate.m in Sources */,
				C7DFE315DAEC2C31D4B1A3E8 /* ZLAUserInfoPersistentStore.m in Sources */,
				C7DFE5E7584688E6CFE5DF74 /* ZLAAutoAuthorizationPerformer.m in Sources */,
			);
			runOnlyForDeploymentPostprocessing = 0;
		};
/* End PBXSourcesBuildPhase section */

/* Begin PBXVariantGroup section */
		BD46902719006D53003EEC0E /* InfoPlist.strings */ = {
			isa = PBXVariantGroup;
			children = (
				BD46902819006D53003EEC0E /* en */,
			);
			name = InfoPlist.strings;
			sourceTree = "<group>";
		};
		BD46903019006D53003EEC0E /* Main.storyboard */ = {
			isa = PBXVariantGroup;
			children = (
				BD46903119006D53003EEC0E /* Base */,
			);
			name = Main.storyboard;
			sourceTree = "<group>";
		};
/* End PBXVariantGroup section */

/* Begin XCBuildConfiguration section */
		BD46904B19006D53003EEC0E /* Debug */ = {
			isa = XCBuildConfiguration;
			buildSettings = {
				ALWAYS_SEARCH_USER_PATHS = NO;
				CLANG_CXX_LANGUAGE_STANDARD = "gnu++0x";
				CLANG_CXX_LIBRARY = "libc++";
				CLANG_ENABLE_MODULES = YES;
				CLANG_ENABLE_OBJC_ARC = YES;
				CLANG_WARN_BOOL_CONVERSION = YES;
				CLANG_WARN_CONSTANT_CONVERSION = YES;
				CLANG_WARN_DIRECT_OBJC_ISA_USAGE = YES_ERROR;
				CLANG_WARN_EMPTY_BODY = YES;
				CLANG_WARN_ENUM_CONVERSION = YES;
				CLANG_WARN_INT_CONVERSION = YES;
				CLANG_WARN_OBJC_ROOT_CLASS = YES_ERROR;
				CLANG_WARN__DUPLICATE_METHOD_MATCH = YES;
				"CODE_SIGN_IDENTITY[sdk=iphoneos*]" = "iPhone Developer";
				COPY_PHASE_STRIP = NO;
				GCC_C_LANGUAGE_STANDARD = gnu99;
				GCC_DYNAMIC_NO_PIC = NO;
				GCC_OPTIMIZATION_LEVEL = 0;
				GCC_PREPROCESSOR_DEFINITIONS = (
					"DEBUG=1",
					"$(inherited)",
				);
				GCC_SYMBOLS_PRIVATE_EXTERN = NO;
				GCC_WARN_64_TO_32_BIT_CONVERSION = YES;
				GCC_WARN_ABOUT_RETURN_TYPE = YES_ERROR;
				GCC_WARN_UNDECLARED_SELECTOR = YES;
				GCC_WARN_UNINITIALIZED_AUTOS = YES_AGGRESSIVE;
				GCC_WARN_UNUSED_FUNCTION = YES;
				GCC_WARN_UNUSED_VARIABLE = YES;
				IPHONEOS_DEPLOYMENT_TARGET = 7.1;
				ONLY_ACTIVE_ARCH = YES;
				SDKROOT = iphoneos;
			};
			name = Debug;
		};
		BD46904C19006D53003EEC0E /* Release */ = {
			isa = XCBuildConfiguration;
			buildSettings = {
				ALWAYS_SEARCH_USER_PATHS = NO;
				CLANG_CXX_LANGUAGE_STANDARD = "gnu++0x";
				CLANG_CXX_LIBRARY = "libc++";
				CLANG_ENABLE_MODULES = YES;
				CLANG_ENABLE_OBJC_ARC = YES;
				CLANG_WARN_BOOL_CONVERSION = YES;
				CLANG_WARN_CONSTANT_CONVERSION = YES;
				CLANG_WARN_DIRECT_OBJC_ISA_USAGE = YES_ERROR;
				CLANG_WARN_EMPTY_BODY = YES;
				CLANG_WARN_ENUM_CONVERSION = YES;
				CLANG_WARN_INT_CONVERSION = YES;
				CLANG_WARN_OBJC_ROOT_CLASS = YES_ERROR;
				CLANG_WARN__DUPLICATE_METHOD_MATCH = YES;
				"CODE_SIGN_IDENTITY[sdk=iphoneos*]" = "iPhone Developer";
				COPY_PHASE_STRIP = YES;
				ENABLE_NS_ASSERTIONS = NO;
				GCC_C_LANGUAGE_STANDARD = gnu99;
				GCC_WARN_64_TO_32_BIT_CONVERSION = YES;
				GCC_WARN_ABOUT_RETURN_TYPE = YES_ERROR;
				GCC_WARN_UNDECLARED_SELECTOR = YES;
				GCC_WARN_UNINITIALIZED_AUTOS = YES_AGGRESSIVE;
				GCC_WARN_UNUSED_FUNCTION = YES;
				GCC_WARN_UNUSED_VARIABLE = YES;
				IPHONEOS_DEPLOYMENT_TARGET = 7.1;
				SDKROOT = iphoneos;
				VALIDATE_PRODUCT = YES;
			};
			name = Release;
		};
		BD46904E19006D53003EEC0E /* Debug */ = {
			isa = XCBuildConfiguration;
			baseConfigurationReference = F4921F4F54A24C3FB127318C /* Pods.xcconfig */;
			buildSettings = {
				ASSETCATALOG_COMPILER_APPICON_NAME = AppIcon;
				ASSETCATALOG_COMPILER_LAUNCHIMAGE_NAME = LaunchImage;
				FRAMEWORK_SEARCH_PATHS = (
					"$(inherited)",
					"$(PROJECT_DIR)",
					/Users/ilushkanama/Projects/zappylab/modules/ZLAuthorizer/Authorizer/Frameworks,
					"$(PROJECT_DIR)/Frameworks",
				);
				GCC_PRECOMPILE_PREFIX_HEADER = YES;
				GCC_PREFIX_HEADER = "AuthorizerExample/AuthorizerExample-Prefix.pch";
				INFOPLIST_FILE = "AuthorizerExample/AuthorizerExample-Info.plist";
				IPHONEOS_DEPLOYMENT_TARGET = 7.0;
				OTHER_LDFLAGS = (
					"-ObjC",
					"-framework",
					CoreGraphics,
					"-framework",
					Foundation,
					"-framework",
					MessageUI,
					"-framework",
					MobileCoreServices,
					"-framework",
					Security,
					"-framework",
					SystemConfiguration,
				);
				PRODUCT_NAME = "$(TARGET_NAME)";
				WRAPPER_EXTENSION = app;
			};
			name = Debug;
		};
		BD46904F19006D53003EEC0E /* Release */ = {
			isa = XCBuildConfiguration;
			baseConfigurationReference = F4921F4F54A24C3FB127318C /* Pods.xcconfig */;
			buildSettings = {
				ASSETCATALOG_COMPILER_APPICON_NAME = AppIcon;
				ASSETCATALOG_COMPILER_LAUNCHIMAGE_NAME = LaunchImage;
				FRAMEWORK_SEARCH_PATHS = (
					"$(inherited)",
					"$(PROJECT_DIR)",
					/Users/ilushkanama/Projects/zappylab/modules/ZLAuthorizer/Authorizer/Frameworks,
					"$(PROJECT_DIR)/Frameworks",
				);
				GCC_PRECOMPILE_PREFIX_HEADER = YES;
				GCC_PREFIX_HEADER = "AuthorizerExample/AuthorizerExample-Prefix.pch";
				INFOPLIST_FILE = "AuthorizerExample/AuthorizerExample-Info.plist";
				IPHONEOS_DEPLOYMENT_TARGET = 7.0;
				OTHER_LDFLAGS = (
					"-ObjC",
					"-framework",
					CoreGraphics,
					"-framework",
					Foundation,
					"-framework",
					MessageUI,
					"-framework",
					MobileCoreServices,
					"-framework",
					Security,
					"-framework",
					SystemConfiguration,
				);
				PRODUCT_NAME = "$(TARGET_NAME)";
				WRAPPER_EXTENSION = app;
			};
			name = Release;
		};
/* End XCBuildConfiguration section */

/* Begin XCConfigurationList section */
		BD46901619006D53003EEC0E /* Build configuration list for PBXProject "AuthorizerExample" */ = {
			isa = XCConfigurationList;
			buildConfigurations = (
				BD46904B19006D53003EEC0E /* Debug */,
				BD46904C19006D53003EEC0E /* Release */,
			);
			defaultConfigurationIsVisible = 0;
			defaultConfigurationName = Release;
		};
		BD46904D19006D53003EEC0E /* Build configuration list for PBXNativeTarget "AuthorizerExample" */ = {
			isa = XCConfigurationList;
			buildConfigurations = (
				BD46904E19006D53003EEC0E /* Debug */,
				BD46904F19006D53003EEC0E /* Release */,
			);
			defaultConfigurationIsVisible = 0;
			defaultConfigurationName = Release;
		};
/* End XCConfigurationList section */
	};
	rootObject = BD46901319006D53003EEC0E /* Project object */;
}
